// !$*UTF8*$!
{
	archiveVersion = 1;
	classes = {
	};
	objectVersion = 55;
	objects = {

/* Begin PBXBuildFile section */
		A92DCE3627CDD33500FB9A31 /* AppDelegate.swift in Sources */ = {isa = PBXBuildFile; fileRef = A92DCE3527CDD33500FB9A31 /* AppDelegate.swift */; };
		A92DCE3827CDD33500FB9A31 /* SceneDelegate.swift in Sources */ = {isa = PBXBuildFile; fileRef = A92DCE3727CDD33500FB9A31 /* SceneDelegate.swift */; };
		A92DCE3D27CDD33500FB9A31 /* Main.storyboard in Resources */ = {isa = PBXBuildFile; fileRef = A92DCE3B27CDD33500FB9A31 /* Main.storyboard */; };
		A92DCE3F27CDD33800FB9A31 /* Assets.xcassets in Resources */ = {isa = PBXBuildFile; fileRef = A92DCE3E27CDD33800FB9A31 /* Assets.xcassets */; };
		A92DCE4227CDD33800FB9A31 /* LaunchScreen.storyboard in Resources */ = {isa = PBXBuildFile; fileRef = A92DCE4027CDD33800FB9A31 /* LaunchScreen.storyboard */; };
		A92DCE4A27CDDF3000FB9A31 /* TaskListTVC.swift in Sources */ = {isa = PBXBuildFile; fileRef = A92DCE4927CDDF2F00FB9A31 /* TaskListTVC.swift */; };
		A92DCE4C27CDDF4900FB9A31 /* TaskCell.swift in Sources */ = {isa = PBXBuildFile; fileRef = A92DCE4B27CDDF4900FB9A31 /* TaskCell.swift */; };
		A92DCE4E27CDDF5E00FB9A31 /* TaskVC.swift in Sources */ = {isa = PBXBuildFile; fileRef = A92DCE4D27CDDF5E00FB9A31 /* TaskVC.swift */; };
		A92DCE5027CDDF6F00FB9A31 /* Delegates.swift in Sources */ = {isa = PBXBuildFile; fileRef = A92DCE4F27CDDF6F00FB9A31 /* Delegates.swift */; };
		A92DCE5227CDDF8200FB9A31 /* TaskModel.swift in Sources */ = {isa = PBXBuildFile; fileRef = A92DCE5127CDDF8200FB9A31 /* TaskModel.swift */; };
/* End PBXBuildFile section */

/* Begin PBXFileReference section */
		A92DCE3227CDD33500FB9A31 /* TODO-List.app */ = {isa = PBXFileReference; explicitFileType = wrapper.application; includeInIndex = 0; path = "TODO-List.app"; sourceTree = BUILT_PRODUCTS_DIR; };
		A92DCE3527CDD33500FB9A31 /* AppDelegate.swift */ = {isa = PBXFileReference; lastKnownFileType = sourcecode.swift; path = AppDelegate.swift; sourceTree = "<group>"; };
		A92DCE3727CDD33500FB9A31 /* SceneDelegate.swift */ = {isa = PBXFileReference; lastKnownFileType = sourcecode.swift; path = SceneDelegate.swift; sourceTree = "<group>"; };
		A92DCE3C27CDD33500FB9A31 /* Base */ = {isa = PBXFileReference; lastKnownFileType = file.storyboard; name = Base; path = Base.lproj/Main.storyboard; sourceTree = "<group>"; };
		A92DCE3E27CDD33800FB9A31 /* Assets.xcassets */ = {isa = PBXFileReference; lastKnownFileType = folder.assetcatalog; path = Assets.xcassets; sourceTree = "<group>"; };
		A92DCE4127CDD33800FB9A31 /* Base */ = {isa = PBXFileReference; lastKnownFileType = file.storyboard; name = Base; path = Base.lproj/LaunchScreen.storyboard; sourceTree = "<group>"; };
		A92DCE4327CDD33800FB9A31 /* Info.plist */ = {isa = PBXFileReference; lastKnownFileType = text.plist.xml; path = Info.plist; sourceTree = "<group>"; };
		A92DCE4927CDDF2F00FB9A31 /* TaskListTVC.swift */ = {isa = PBXFileReference; lastKnownFileType = sourcecode.swift; path = TaskListTVC.swift; sourceTree = "<group>"; };
		A92DCE4B27CDDF4900FB9A31 /* TaskCell.swift */ = {isa = PBXFileReference; lastKnownFileType = sourcecode.swift; path = TaskCell.swift; sourceTree = "<group>"; };
		A92DCE4D27CDDF5E00FB9A31 /* TaskVC.swift */ = {isa = PBXFileReference; lastKnownFileType = sourcecode.swift; path = TaskVC.swift; sourceTree = "<group>"; };
		A92DCE4F27CDDF6F00FB9A31 /* Delegates.swift */ = {isa = PBXFileReference; lastKnownFileType = sourcecode.swift; path = Delegates.swift; sourceTree = "<group>"; };
		A92DCE5127CDDF8200FB9A31 /* TaskModel.swift */ = {isa = PBXFileReference; lastKnownFileType = sourcecode.swift; path = TaskModel.swift; sourceTree = "<group>"; };
/* End PBXFileReference section */

/* Begin PBXFrameworksBuildPhase section */
		A92DCE2F27CDD33500FB9A31 /* Frameworks */ = {
			isa = PBXFrameworksBuildPhase;
			buildActionMask = 2147483647;
			files = (
			);
			runOnlyForDeploymentPostprocessing = 0;
		};
/* End PBXFrameworksBuildPhase section */

/* Begin PBXGroup section */
		A92DCE2927CDD33500FB9A31 = {
			isa = PBXGroup;
			children = (
				A92DCE3427CDD33500FB9A31 /* TODO-List */,
				A92DCE3327CDD33500FB9A31 /* Products */,
			);
			sourceTree = "<group>";
		};
		A92DCE3327CDD33500FB9A31 /* Products */ = {
			isa = PBXGroup;
			children = (
				A92DCE3227CDD33500FB9A31 /* TODO-List.app */,
			);
			name = Products;
			sourceTree = "<group>";
		};
		A92DCE3427CDD33500FB9A31 /* TODO-List */ = {
			isa = PBXGroup;
			children = (
				A92DCE3527CDD33500FB9A31 /* AppDelegate.swift */,
				A92DCE3727CDD33500FB9A31 /* SceneDelegate.swift */,
				A92DCE3B27CDD33500FB9A31 /* Main.storyboard */,
				A92DCE3E27CDD33800FB9A31 /* Assets.xcassets */,
				A92DCE4027CDD33800FB9A31 /* LaunchScreen.storyboard */,
				A92DCE4327CDD33800FB9A31 /* Info.plist */,
				A92DCE4927CDDF2F00FB9A31 /* TaskListTVC.swift */,
				A92DCE4B27CDDF4900FB9A31 /* TaskCell.swift */,
				A92DCE4D27CDDF5E00FB9A31 /* TaskVC.swift */,
				A92DCE4F27CDDF6F00FB9A31 /* Delegates.swift */,
				A92DCE5127CDDF8200FB9A31 /* TaskModel.swift */,
			);
			path = "TODO-List";
			sourceTree = "<group>";
		};
/* End PBXGroup section */

/* Begin PBXNativeTarget section */
		A92DCE3127CDD33500FB9A31 /* TODO-List */ = {
			isa = PBXNativeTarget;
			buildConfigurationList = A92DCE4627CDD33800FB9A31 /* Build configuration list for PBXNativeTarget "TODO-List" */;
			buildPhases = (
				A92DCE2E27CDD33500FB9A31 /* Sources */,
				A92DCE2F27CDD33500FB9A31 /* Frameworks */,
				A92DCE3027CDD33500FB9A31 /* Resources */,
			);
			buildRules = (
			);
			dependencies = (
			);
			name = "TODO-List";
			productName = "TODO-List";
			productReference = A92DCE3227CDD33500FB9A31 /* TODO-List.app */;
			productType = "com.apple.product-type.application";
		};
/* End PBXNativeTarget section */

/* Begin PBXProject section */
		A92DCE2A27CDD33500FB9A31 /* Project object */ = {
			isa = PBXProject;
			attributes = {
				BuildIndependentTargetsInParallel = 1;
				LastSwiftUpdateCheck = 1310;
				LastUpgradeCheck = 1310;
				TargetAttributes = {
					A92DCE3127CDD33500FB9A31 = {
						CreatedOnToolsVersion = 13.1;
					};
				};
			};
			buildConfigurationList = A92DCE2D27CDD33500FB9A31 /* Build configuration list for PBXProject "TODO-List" */;
			compatibilityVersion = "Xcode 13.0";
			developmentRegion = en;
			hasScannedForEncodings = 0;
			knownRegions = (
				en,
				Base,
			);
			mainGroup = A92DCE2927CDD33500FB9A31;
			productRefGroup = A92DCE3327CDD33500FB9A31 /* Products */;
			projectDirPath = "";
			projectRoot = "";
			targets = (
				A92DCE3127CDD33500FB9A31 /* TODO-List */,
			);
		};
/* End PBXProject section */

/* Begin PBXResourcesBuildPhase section */
		A92DCE3027CDD33500FB9A31 /* Resources */ = {
			isa = PBXResourcesBuildPhase;
			buildActionMask = 2147483647;
			files = (
				A92DCE4227CDD33800FB9A31 /* LaunchScreen.storyboard in Resources */,
				A92DCE3F27CDD33800FB9A31 /* Assets.xcassets in Resources */,
				A92DCE3D27CDD33500FB9A31 /* Main.storyboard in Resources */,
			);
			runOnlyForDeploymentPostprocessing = 0;
		};
/* End PBXResourcesBuildPhase section */

/* Begin PBXSourcesBuildPhase section */
		A92DCE2E27CDD33500FB9A31 /* Sources */ = {
			isa = PBXSourcesBuildPhase;
			buildActionMask = 2147483647;
			files = (
				A92DCE4C27CDDF4900FB9A31 /* TaskCell.swift in Sources */,
				A92DCE3627CDD33500FB9A31 /* AppDelegate.swift in Sources */,
				A92DCE3827CDD33500FB9A31 /* SceneDelegate.swift in Sources */,
				A92DCE4E27CDDF5E00FB9A31 /* TaskVC.swift in Sources */,
				A92DCE5027CDDF6F00FB9A31 /* Delegates.swift in Sources */,
				A92DCE4A27CDDF3000FB9A31 /* TaskListTVC.swift in Sources */,
				A92DCE5227CDDF8200FB9A31 /* TaskModel.swift in Sources */,
			);
			runOnlyForDeploymentPostprocessing = 0;
		};
/* End PBXSourcesBuildPhase section */

/* Begin PBXVariantGroup section */
		A92DCE3B27CDD33500FB9A31 /* Main.storyboard */ = {
			isa = PBXVariantGroup;
			children = (
				A92DCE3C27CDD33500FB9A31 /* Base */,
			);
			name = Main.storyboard;
			sourceTree = "<group>";
		};
		A92DCE4027CDD33800FB9A31 /* LaunchScreen.storyboard */ = {
			isa = PBXVariantGroup;
			children = (
				A92DCE4127CDD33800FB9A31 /* Base */,
			);
			name = LaunchScreen.storyboard;
			sourceTree = "<group>";
		};
/* End PBXVariantGroup section */

/* Begin XCBuildConfiguration section */
		A92DCE4427CDD33800FB9A31 /* Debug */ = {
			isa = XCBuildConfiguration;
			buildSettings = {
				ALWAYS_SEARCH_USER_PATHS = NO;
				CLANG_ANALYZER_NONNULL = YES;
				CLANG_ANALYZER_NUMBER_OBJECT_CONVERSION = YES_AGGRESSIVE;
				CLANG_CXX_LANGUAGE_STANDARD = "gnu++17";
				CLANG_CXX_LIBRARY = "libc++";
				CLANG_ENABLE_MODULES = YES;
				CLANG_ENABLE_OBJC_ARC = YES;
				CLANG_ENABLE_OBJC_WEAK = YES;
				CLANG_WARN_BLOCK_CAPTURE_AUTORELEASING = YES;
				CLANG_WARN_BOOL_CONVERSION = YES;
				CLANG_WARN_COMMA = YES;
				CLANG_WARN_CONSTANT_CONVERSION = YES;
				CLANG_WARN_DEPRECATED_OBJC_IMPLEMENTATIONS = YES;
				CLANG_WARN_DIRECT_OBJC_ISA_USAGE = YES_ERROR;
				CLANG_WARN_DOCUMENTATION_COMMENTS = YES;
				CLANG_WARN_EMPTY_BODY = YES;
				CLANG_WARN_ENUM_CONVERSION = YES;
				CLANG_WARN_INFINITE_RECURSION = YES;
				CLANG_WARN_INT_CONVERSION = YES;
				CLANG_WARN_NON_LITERAL_NULL_CONVERSION = YES;
				CLANG_WARN_OBJC_IMPLICIT_RETAIN_SELF = YES;
				CLANG_WARN_OBJC_LITERAL_CONVERSION = YES;
				CLANG_WARN_OBJC_ROOT_CLASS = YES_ERROR;
				CLANG_WARN_QUOTED_INCLUDE_IN_FRAMEWORK_HEADER = YES;
				CLANG_WARN_RANGE_LOOP_ANALYSIS = YES;
				CLANG_WARN_STRICT_PROTOTYPES = YES;
				CLANG_WARN_SUSPICIOUS_MOVE = YES;
				CLANG_WARN_UNGUARDED_AVAILABILITY = YES_AGGRESSIVE;
				CLANG_WARN_UNREACHABLE_CODE = YES;
				CLANG_WARN__DUPLICATE_METHOD_MATCH = YES;
				COPY_PHASE_STRIP = NO;
				DEBUG_INFORMATION_FORMAT = dwarf;
				ENABLE_STRICT_OBJC_MSGSEND = YES;
				ENABLE_TESTABILITY = YES;
				GCC_C_LANGUAGE_STANDARD = gnu11;
				GCC_DYNAMIC_NO_PIC = NO;
				GCC_NO_COMMON_BLOCKS = YES;
				GCC_OPTIMIZATION_LEVEL = 0;
				GCC_PREPROCESSOR_DEFINITIONS = (
					"DEBUG=1",
					"$(inherited)",
				);
				GCC_WARN_64_TO_32_BIT_CONVERSION = YES;
				GCC_WARN_ABOUT_RETURN_TYPE = YES_ERROR;
				GCC_WARN_UNDECLARED_SELECTOR = YES;
				GCC_WARN_UNINITIALIZED_AUTOS = YES_AGGRESSIVE;
				GCC_WARN_UNUSED_FUNCTION = YES;
				GCC_WARN_UNUSED_VARIABLE = YES;
				IPHONEOS_DEPLOYMENT_TARGET = 15.0;
				MTL_ENABLE_DEBUG_INFO = INCLUDE_SOURCE;
				MTL_FAST_MATH = YES;
				ONLY_ACTIVE_ARCH = YES;
				SDKROOT = iphoneos;
				SWIFT_ACTIVE_COMPILATION_CONDITIONS = DEBUG;
				SWIFT_OPTIMIZATION_LEVEL = "-Onone";
			};
			name = Debug;
		};
		A92DCE4527CDD33800FB9A31 /* Release */ = {
			isa = XCBuildConfiguration;
			buildSettings = {
				ALWAYS_SEARCH_USER_PATHS = NO;
				CLANG_ANALYZER_NONNULL = YES;
				CLANG_ANALYZER_NUMBER_OBJECT_CONVERSION = YES_AGGRESSIVE;
				CLANG_CXX_LANGUAGE_STANDARD = "gnu++17";
				CLANG_CXX_LIBRARY = "libc++";
				CLANG_ENABLE_MODULES = YES;
				CLANG_ENABLE_OBJC_ARC = YES;
				CLANG_ENABLE_OBJC_WEAK = YES;
				CLANG_WARN_BLOCK_CAPTURE_AUTORELEASING = YES;
				CLANG_WARN_BOOL_CONVERSION = YES;
				CLANG_WARN_COMMA = YES;
				CLANG_WARN_CONSTANT_CONVERSION = YES;
				CLANG_WARN_DEPRECATED_OBJC_IMPLEMENTATIONS = YES;
				CLANG_WARN_DIRECT_OBJC_ISA_USAGE = YES_ERROR;
				CLANG_WARN_DOCUMENTATION_COMMENTS = YES;
				CLANG_WARN_EMPTY_BODY = YES;
				CLANG_WARN_ENUM_CONVERSION = YES;
				CLANG_WARN_INFINITE_RECURSION = YES;
				CLANG_WARN_INT_CONVERSION = YES;
				CLANG_WARN_NON_LITERAL_NULL_CONVERSION = YES;
				CLANG_WARN_OBJC_IMPLICIT_RETAIN_SELF = YES;
				CLANG_WARN_OBJC_LITERAL_CONVERSION = YES;
				CLANG_WARN_OBJC_ROOT_CLASS = YES_ERROR;
				CLANG_WARN_QUOTED_INCLUDE_IN_FRAMEWORK_HEADER = YES;
				CLANG_WARN_RANGE_LOOP_ANALYSIS = YES;
				CLANG_WARN_STRICT_PROTOTYPES = YES;
				CLANG_WARN_SUSPICIOUS_MOVE = YES;
				CLANG_WARN_UNGUARDED_AVAILABILITY = YES_AGGRESSIVE;
				CLANG_WARN_UNREACHABLE_CODE = YES;
				CLANG_WARN__DUPLICATE_METHOD_MATCH = YES;
				COPY_PHASE_STRIP = NO;
				DEBUG_INFORMATION_FORMAT = "dwarf-with-dsym";
				ENABLE_NS_ASSERTIONS = NO;
				ENABLE_STRICT_OBJC_MSGSEND = YES;
				GCC_C_LANGUAGE_STANDARD = gnu11;
				GCC_NO_COMMON_BLOCKS = YES;
				GCC_WARN_64_TO_32_BIT_CONVERSION = YES;
				GCC_WARN_ABOUT_RETURN_TYPE = YES_ERROR;
				GCC_WARN_UNDECLARED_SELECTOR = YES;
				GCC_WARN_UNINITIALIZED_AUTOS = YES_AGGRESSIVE;
				GCC_WARN_UNUSED_FUNCTION = YES;
				GCC_WARN_UNUSED_VARIABLE = YES;
				IPHONEOS_DEPLOYMENT_TARGET = 15.0;
				MTL_ENABLE_DEBUG_INFO = NO;
				MTL_FAST_MATH = YES;
				SDKROOT = iphoneos;
				SWIFT_COMPILATION_MODE = wholemodule;
				SWIFT_OPTIMIZATION_LEVEL = "-O";
				VALIDATE_PRODUCT = YES;
			};
			name = Release;
		};
		A92DCE4727CDD33800FB9A31 /* Debug */ = {
			isa = XCBuildConfiguration;
			buildSettings = {
				ASSETCATALOG_COMPILER_APPICON_NAME = AppIcon;
				ASSETCATALOG_COMPILER_GLOBAL_ACCENT_COLOR_NAME = AccentColor;
				CODE_SIGN_STYLE = Automatic;
				CURRENT_PROJECT_VERSION = 1;
				DEVELOPMENT_TEAM = W9HG2VGZDV;
				GENERATE_INFOPLIST_FILE = YES;
				INFOPLIST_FILE = "TODO-List/Info.plist";
				INFOPLIST_KEY_UIApplicationSupportsIndirectInputEvents = YES;
				INFOPLIST_KEY_UILaunchStoryboardName = LaunchScreen;
				INFOPLIST_KEY_UIMainStoryboardFile = Main;
				INFOPLIST_KEY_UISupportedInterfaceOrientations_iPad = "UIInterfaceOrientationPortrait UIInterfaceOrientationPortraitUpsideDown UIInterfaceOrientationLandscapeLeft UIInterfaceOrientationLandscapeRight";
				INFOPLIST_KEY_UISupportedInterfaceOrientations_iPhone = "UIInterfaceOrientationPortrait UIInterfaceOrientationLandscapeLeft UIInterfaceOrientationLandscapeRight";
				LD_RUNPATH_SEARCH_PATHS = (
					"$(inherited)",
					"@executable_path/Frameworks",
				);
				MARKETING_VERSION = 1.0;
				PRODUCT_BUNDLE_IDENTIFIER = "AlexanderBaranchuk.TODO-List";
				PRODUCT_NAME = "$(TARGET_NAME)";
				SWIFT_EMIT_LOC_STRINGS = YES;
				SWIFT_VERSION = 5.0;
				TARGETED_DEVICE_FAMILY = "1,2";
			};
			name = Debug;
		};
		A92DCE4827CDD33800FB9A31 /* Release */ = {
			isa = XCBuildConfiguration;
			buildSettings = {
				ASSETCATALOG_COMPILER_APPICON_NAME = AppIcon;
				ASSETCATALOG_COMPILER_GLOBAL_ACCENT_COLOR_NAME = AccentColor;
				CODE_SIGN_STYLE = Automatic;
				CURRENT_PROJECT_VERSION = 1;
				DEVELOPMENT_TEAM = W9HG2VGZDV;
				GENERATE_INFOPLIST_FILE = YES;
				INFOPLIST_FILE = "TODO-List/Info.plist";
				INFOPLIST_KEY_UIApplicationSupportsIndirectInputEvents = YES;
				INFOPLIST_KEY_UILaunchStoryboardName = LaunchScreen;
				INFOPLIST_KEY_UIMainStoryboardFile = Main;
				INFOPLIST_KEY_UISupportedInterfaceOrientations_iPad = "UIInterfaceOrientationPortrait UIInterfaceOrientationPortraitUpsideDown UIInterfaceOrientationLandscapeLeft UIInterfaceOrientationLandscapeRight";
				INFOPLIST_KEY_UISupportedInterfaceOrientations_iPhone = "UIInterfaceOrientationPortrait UIInterfaceOrientationLandscapeLeft UIInterfaceOrientationLandscapeRight";
				LD_RUNPATH_SEARCH_PATHS = (
					"$(inherited)",
					"@executable_path/Frameworks",
				);
				MARKETING_VERSION = 1.0;
				PRODUCT_BUNDLE_IDENTIFIER = "AlexanderBaranchuk.TODO-List";
				PRODUCT_NAME = "$(TARGET_NAME)";
				SWIFT_EMIT_LOC_STRINGS = YES;
				SWIFT_VERSION = 5.0;
				TARGETED_DEVICE_FAMILY = "1,2";
			};
			name = Release;
		};
/* End XCBuildConfiguration section */

/* Begin XCConfigurationList section */
		A92DCE2D27CDD33500FB9A31 /* Build configuration list for PBXProject "TODO-List" */ = {
			isa = XCConfigurationList;
			buildConfigurations = (
				A92DCE4427CDD33800FB9A31 /* Debug */,
				A92DCE4527CDD33800FB9A31 /* Release */,
			);
			defaultConfigurationIsVisible = 0;
			defaultConfigurationName = Release;
		};
		A92DCE4627CDD33800FB9A31 /* Build configuration list for PBXNativeTarget "TODO-List" */ = {
			isa = XCConfigurationList;
			buildConfigurations = (
				A92DCE4727CDD33800FB9A31 /* Debug */,
				A92DCE4827CDD33800FB9A31 /* Release */,
			);
			defaultConfigurationIsVisible = 0;
			defaultConfigurationName = Release;
		};
/* End XCConfigurationList section */
	};
	rootObject = A92DCE2A27CDD33500FB9A31 /* Project object */;
}
